// !$*UTF8*$!
{
	archiveVersion = 1;
	classes = {
	};
	objectVersion = 45;
	objects = {

/* Begin PBXBuildFile section */
		182A8D0811D2BB3B00E156CC /* EditingView.xib in Resources */ = {isa = PBXBuildFile; fileRef = 182A8D0211D2BB3B00E156CC /* EditingView.xib */; };
		182A8D0911D2BB3B00E156CC /* MainWindow.xib in Resources */ = {isa = PBXBuildFile; fileRef = 182A8D0411D2BB3B00E156CC /* MainWindow.xib */; };
		182A8D0A11D2BB3B00E156CC /* RootViewController.xib in Resources */ = {isa = PBXBuildFile; fileRef = 182A8D0611D2BB3B00E156CC /* RootViewController.xib */; };
		182A8D1211D2BB7300E156CC /* Icon-72.png in Resources */ = {isa = PBXBuildFile; fileRef = 182A8D0B11D2BB7300E156CC /* Icon-72.png */; };
		182A8D1311D2BB7300E156CC /* Icon-Small-50.png in Resources */ = {isa = PBXBuildFile; fileRef = 182A8D0C11D2BB7300E156CC /* Icon-Small-50.png */; };
		182A8D1411D2BB7300E156CC /* Icon-Small.png in Resources */ = {isa = PBXBuildFile; fileRef = 182A8D0D11D2BB7300E156CC /* Icon-Small.png */; };
		182A8D1511D2BB7300E156CC /* Icon-Small@2x.png in Resources */ = {isa = PBXBuildFile; fileRef = 182A8D0E11D2BB7300E156CC /* Icon-Small@2x.png */; };
		182A8D1611D2BB7300E156CC /* Icon.png in Resources */ = {isa = PBXBuildFile; fileRef = 182A8D0F11D2BB7300E156CC /* Icon.png */; };
		182A8D1711D2BB7300E156CC /* Icon@2x.png in Resources */ = {isa = PBXBuildFile; fileRef = 182A8D1011D2BB7300E156CC /* Icon@2x.png */; };
		182A8D1811D2BB7300E156CC /* iTunesArtwork in Resources */ = {isa = PBXBuildFile; fileRef = 182A8D1111D2BB7300E156CC /* iTunesArtwork */; };
		1D3623260D0F684500981E51 /* SimpleUndoAppDelegate.m in Sources */ = {isa = PBXBuildFile; fileRef = 1D3623250D0F684500981E51 /* SimpleUndoAppDelegate.m */; };
		1D60589B0D05DD56006BFB54 /* main.m in Sources */ = {isa = PBXBuildFile; fileRef = 29B97316FDCFA39411CA2CEA /* main.m */; };
		1D60589F0D05DD5A006BFB54 /* Foundation.framework in Frameworks */ = {isa = PBXBuildFile; fileRef = 1D30AB110D05D00D00671497 /* Foundation.framework */; };
		1DF5F4E00D08C38300B7A737 /* UIKit.framework in Frameworks */ = {isa = PBXBuildFile; fileRef = 1DF5F4DF0D08C38300B7A737 /* UIKit.framework */; };
		2881317F0F60A050004132C2 /* EditingViewController.m in Sources */ = {isa = PBXBuildFile; fileRef = 2881317C0F60A050004132C2 /* EditingViewController.m */; };
		288131970F60AEDD004132C2 /* Book.m in Sources */ = {isa = PBXBuildFile; fileRef = 288131960F60AEDD004132C2 /* Book.m */; };
		2892E4100DC94CBA00A64D0F /* CoreGraphics.framework in Frameworks */ = {isa = PBXBuildFile; fileRef = 2892E40F0DC94CBA00A64D0F /* CoreGraphics.framework */; };
		28C286E10D94DF7D0034E888 /* RootViewController.m in Sources */ = {isa = PBXBuildFile; fileRef = 28C286E00D94DF7D0034E888 /* RootViewController.m */; };
		28D2EFE30F688E6C00258F94 /* ReadMe.txt in Resources */ = {isa = PBXBuildFile; fileRef = 28D2EFE20F688E6C00258F94 /* ReadMe.txt */; };
		5396CFEC11D2BEE40065BF7B /* Localizable.strings in Resources */ = {isa = PBXBuildFile; fileRef = 5396CFEA11D2BEE40065BF7B /* Localizable.strings */; };
/* End PBXBuildFile section */

/* Begin PBXFileReference section */
		182A8D0311D2BB3B00E156CC /* en */ = {isa = PBXFileReference; lastKnownFileType = file.xib; name = en; path = en.lproj/EditingView.xib; sourceTree = "<group>"; };
		182A8D0511D2BB3B00E156CC /* en */ = {isa = PBXFileReference; lastKnownFileType = file.xib; name = en; path = en.lproj/MainWindow.xib; sourceTree = "<group>"; };
		182A8D0711D2BB3B00E156CC /* en */ = {isa = PBXFileReference; lastKnownFileType = file.xib; name = en; path = en.lproj/RootViewController.xib; sourceTree = "<group>"; };
		182A8D0B11D2BB7300E156CC /* Icon-72.png */ = {isa = PBXFileReference; lastKnownFileType = image.png; name = "Icon-72.png"; path = "images/Icon-72.png"; sourceTree = "<group>"; };
		182A8D0C11D2BB7300E156CC /* Icon-Small-50.png */ = {isa = PBXFileReference; lastKnownFileType = image.png; name = "Icon-Small-50.png"; path = "images/Icon-Small-50.png"; sourceTree = "<group>"; };
		182A8D0D11D2BB7300E156CC /* Icon-Small.png */ = {isa = PBXFileReference; lastKnownFileType = image.png; name = "Icon-Small.png"; path = "images/Icon-Small.png"; sourceTree = "<group>"; };
		182A8D0E11D2BB7300E156CC /* Icon-Small@2x.png */ = {isa = PBXFileReference; lastKnownFileType = image.png; name = "Icon-Small@2x.png"; path = "images/Icon-Small@2x.png"; sourceTree = "<group>"; };
		182A8D0F11D2BB7300E156CC /* Icon.png */ = {isa = PBXFileReference; lastKnownFileType = image.png; name = Icon.png; path = images/Icon.png; sourceTree = "<group>"; };
		182A8D1011D2BB7300E156CC /* Icon@2x.png */ = {isa = PBXFileReference; lastKnownFileType = image.png; name = "Icon@2x.png"; path = "images/Icon@2x.png"; sourceTree = "<group>"; };
		182A8D1111D2BB7300E156CC /* iTunesArtwork */ = {isa = PBXFileReference; lastKnownFileType = file; name = iTunesArtwork; path = images/iTunesArtwork; sourceTree = "<group>"; };
		1D30AB110D05D00D00671497 /* Foundation.framework */ = {isa = PBXFileReference; lastKnownFileType = wrapper.framework; name = Foundation.framework; path = System/Library/Frameworks/Foundation.framework; sourceTree = SDKROOT; };
		1D3623240D0F684500981E51 /* SimpleUndoAppDelegate.h */ = {isa = PBXFileReference; fileEncoding = 4; lastKnownFileType = sourcecode.c.h; path = SimpleUndoAppDelegate.h; sourceTree = "<group>"; };
		1D3623250D0F684500981E51 /* SimpleUndoAppDelegate.m */ = {isa = PBXFileReference; fileEncoding = 4; lastKnownFileType = sourcecode.c.objc; path = SimpleUndoAppDelegate.m; sourceTree = "<group>"; };
		1D6058910D05DD3D006BFB54 /* SimpleUndo.app */ = {isa = PBXFileReference; explicitFileType = wrapper.application; includeInIndex = 0; path = SimpleUndo.app; sourceTree = BUILT_PRODUCTS_DIR; };
		1DF5F4DF0D08C38300B7A737 /* UIKit.framework */ = {isa = PBXFileReference; lastKnownFileType = wrapper.framework; name = UIKit.framework; path = System/Library/Frameworks/UIKit.framework; sourceTree = SDKROOT; };
		2881317B0F60A050004132C2 /* EditingViewController.h */ = {isa = PBXFileReference; fileEncoding = 4; lastKnownFileType = sourcecode.c.h; path = EditingViewController.h; sourceTree = "<group>"; };
		2881317C0F60A050004132C2 /* EditingViewController.m */ = {isa = PBXFileReference; fileEncoding = 4; lastKnownFileType = sourcecode.c.objc; path = EditingViewController.m; sourceTree = "<group>"; };
		288131950F60AEDD004132C2 /* Book.h */ = {isa = PBXFileReference; fileEncoding = 4; lastKnownFileType = sourcecode.c.h; path = Book.h; sourceTree = "<group>"; };
		288131960F60AEDD004132C2 /* Book.m */ = {isa = PBXFileReference; fileEncoding = 4; lastKnownFileType = sourcecode.c.objc; path = Book.m; sourceTree = "<group>"; };
		2892E40F0DC94CBA00A64D0F /* CoreGraphics.framework */ = {isa = PBXFileReference; lastKnownFileType = wrapper.framework; name = CoreGraphics.framework; path = System/Library/Frameworks/CoreGraphics.framework; sourceTree = SDKROOT; };
		28A0AAE50D9B0CCF005BE974 /* SimpleUndo_Prefix.pch */ = {isa = PBXFileReference; fileEncoding = 4; lastKnownFileType = sourcecode.c.h; path = SimpleUndo_Prefix.pch; sourceTree = "<group>"; };
		28C286DF0D94DF7D0034E888 /* RootViewController.h */ = {isa = PBXFileReference; fileEncoding = 4; lastKnownFileType = sourcecode.c.h; path = RootViewController.h; sourceTree = "<group>"; };
		28C286E00D94DF7D0034E888 /* RootViewController.m */ = {isa = PBXFileReference; fileEncoding = 4; lastKnownFileType = sourcecode.c.objc; path = RootViewController.m; sourceTree = "<group>"; };
		28D2EFE20F688E6C00258F94 /* ReadMe.txt */ = {isa = PBXFileReference; fileEncoding = 4; lastKnownFileType = text; path = ReadMe.txt; sourceTree = "<group>"; };
		29B97316FDCFA39411CA2CEA /* main.m */ = {isa = PBXFileReference; fileEncoding = 4; lastKnownFileType = sourcecode.c.objc; path = main.m; sourceTree = "<group>"; };
		5396CFEB11D2BEE40065BF7B /* en */ = {isa = PBXFileReference; fileEncoding = 4; lastKnownFileType = text.plist.strings; name = en; path = en.lproj/Localizable.strings; sourceTree = "<group>"; };
		8D1107310486CEB800E47090 /* SimpleUndo-Info.plist */ = {isa = PBXFileReference; fileEncoding = 4; lastKnownFileType = text.plist.xml; path = "SimpleUndo-Info.plist"; plistStructureDefinitionIdentifier = "com.apple.xcode.plist.structure-definition.iphone.info-plist"; sourceTree = "<group>"; };
/* End PBXFileReference section */

/* Begin PBXFrameworksBuildPhase section */
		1D60588F0D05DD3D006BFB54 /* Frameworks */ = {
			isa = PBXFrameworksBuildPhase;
			buildActionMask = 2147483647;
			files = (
				1D60589F0D05DD5A006BFB54 /* Foundation.framework in Frameworks */,
				1DF5F4E00D08C38300B7A737 /* UIKit.framework in Frameworks */,
				2892E4100DC94CBA00A64D0F /* CoreGraphics.framework in Frameworks */,
			);
			runOnlyForDeploymentPostprocessing = 0;
		};
/* End PBXFrameworksBuildPhase section */

/* Begin PBXGroup section */
		080E96DDFE201D6D7F000001 /* Classes */ = {
			isa = PBXGroup;
			children = (
				28C286DF0D94DF7D0034E888 /* RootViewController.h */,
				28C286E00D94DF7D0034E888 /* RootViewController.m */,
				2881317B0F60A050004132C2 /* EditingViewController.h */,
				2881317C0F60A050004132C2 /* EditingViewController.m */,
				1D3623240D0F684500981E51 /* SimpleUndoAppDelegate.h */,
				1D3623250D0F684500981E51 /* SimpleUndoAppDelegate.m */,
				288131950F60AEDD004132C2 /* Book.h */,
				288131960F60AEDD004132C2 /* Book.m */,
			);
			path = Classes;
			sourceTree = "<group>";
		};
		19C28FACFE9D520D11CA2CBB /* Products */ = {
			isa = PBXGroup;
			children = (
				1D6058910D05DD3D006BFB54 /* SimpleUndo.app */,
			);
			name = Products;
			sourceTree = "<group>";
		};
		29B97314FDCFA39411CA2CEA /* CustomTemplate */ = {
			isa = PBXGroup;
			children = (
				28D2EFE20F688E6C00258F94 /* ReadMe.txt */,
				080E96DDFE201D6D7F000001 /* Classes */,
				29B97315FDCFA39411CA2CEA /* Other Sources */,
				29B97317FDCFA39411CA2CEA /* Resources */,
				29B97323FDCFA39411CA2CEA /* Frameworks */,
				19C28FACFE9D520D11CA2CBB /* Products */,
			);
			name = CustomTemplate;
			sourceTree = "<group>";
		};
		29B97315FDCFA39411CA2CEA /* Other Sources */ = {
			isa = PBXGroup;
			children = (
				28A0AAE50D9B0CCF005BE974 /* SimpleUndo_Prefix.pch */,
				29B97316FDCFA39411CA2CEA /* main.m */,
			);
			name = "Other Sources";
			sourceTree = "<group>";
		};
		29B97317FDCFA39411CA2CEA /* Resources */ = {
			isa = PBXGroup;
			children = (
				182A8D0B11D2BB7300E156CC /* Icon-72.png */,
				182A8D0C11D2BB7300E156CC /* Icon-Small-50.png */,
				182A8D0D11D2BB7300E156CC /* Icon-Small.png */,
				182A8D0E11D2BB7300E156CC /* Icon-Small@2x.png */,
				182A8D0F11D2BB7300E156CC /* Icon.png */,
				182A8D1011D2BB7300E156CC /* Icon@2x.png */,
				182A8D1111D2BB7300E156CC /* iTunesArtwork */,
				182A8D0211D2BB3B00E156CC /* EditingView.xib */,
				182A8D0411D2BB3B00E156CC /* MainWindow.xib */,
				182A8D0611D2BB3B00E156CC /* RootViewController.xib */,
				5396CFEA11D2BEE40065BF7B /* Localizable.strings */,
				8D1107310486CEB800E47090 /* SimpleUndo-Info.plist */,
			);
			name = Resources;
			sourceTree = "<group>";
		};
		29B97323FDCFA39411CA2CEA /* Frameworks */ = {
			isa = PBXGroup;
			children = (
				1DF5F4DF0D08C38300B7A737 /* UIKit.framework */,
				1D30AB110D05D00D00671497 /* Foundation.framework */,
				2892E40F0DC94CBA00A64D0F /* CoreGraphics.framework */,
			);
			name = Frameworks;
			sourceTree = "<group>";
		};
/* End PBXGroup section */

/* Begin PBXNativeTarget section */
		1D6058900D05DD3D006BFB54 /* SimpleUndo */ = {
			isa = PBXNativeTarget;
			buildConfigurationList = 1D6058960D05DD3E006BFB54 /* Build configuration list for PBXNativeTarget "SimpleUndo" */;
			buildPhases = (
				1D60588D0D05DD3D006BFB54 /* Resources */,
				1D60588E0D05DD3D006BFB54 /* Sources */,
				1D60588F0D05DD3D006BFB54 /* Frameworks */,
			);
			buildRules = (
			);
			dependencies = (
			);
			name = SimpleUndo;
			productName = SimpleUndo;
			productReference = 1D6058910D05DD3D006BFB54 /* SimpleUndo.app */;
			productType = "com.apple.product-type.application";
		};
/* End PBXNativeTarget section */

/* Begin PBXProject section */
		29B97313FDCFA39411CA2CEA /* Project object */ = {
			isa = PBXProject;
			buildConfigurationList = C01FCF4E08A954540054247B /* Build configuration list for PBXProject "SimpleUndo" */;
			compatibilityVersion = "Xcode 3.1";
			hasScannedForEncodings = 1;
			knownRegions = (
				English,
				Japanese,
				French,
				German,
				en,
			);
			mainGroup = 29B97314FDCFA39411CA2CEA /* CustomTemplate */;
			projectDirPath = "";
			projectRoot = "";
			targets = (
				1D6058900D05DD3D006BFB54 /* SimpleUndo */,
			);
		};
/* End PBXProject section */

/* Begin PBXResourcesBuildPhase section */
		1D60588D0D05DD3D006BFB54 /* Resources */ = {
			isa = PBXResourcesBuildPhase;
			buildActionMask = 2147483647;
			files = (
				28D2EFE30F688E6C00258F94 /* ReadMe.txt in Resources */,
				182A8D0811D2BB3B00E156CC /* EditingView.xib in Resources */,
				182A8D0911D2BB3B00E156CC /* MainWindow.xib in Resources */,
				182A8D0A11D2BB3B00E156CC /* RootViewController.xib in Resources */,
				182A8D1211D2BB7300E156CC /* Icon-72.png in Resources */,
				182A8D1311D2BB7300E156CC /* Icon-Small-50.png in Resources */,
				182A8D1411D2BB7300E156CC /* Icon-Small.png in Resources */,
				182A8D1511D2BB7300E156CC /* Icon-Small@2x.png in Resources */,
				182A8D1611D2BB7300E156CC /* Icon.png in Resources */,
				182A8D1711D2BB7300E156CC /* Icon@2x.png in Resources */,
				182A8D1811D2BB7300E156CC /* iTunesArtwork in Resources */,
				5396CFEC11D2BEE40065BF7B /* Localizable.strings in Resources */,
			);
			runOnlyForDeploymentPostprocessing = 0;
		};
/* End PBXResourcesBuildPhase section */

/* Begin PBXSourcesBuildPhase section */
		1D60588E0D05DD3D006BFB54 /* Sources */ = {
			isa = PBXSourcesBuildPhase;
			buildActionMask = 2147483647;
			files = (
				1D60589B0D05DD56006BFB54 /* main.m in Sources */,
				1D3623260D0F684500981E51 /* SimpleUndoAppDelegate.m in Sources */,
				28C286E10D94DF7D0034E888 /* RootViewController.m in Sources */,
				2881317F0F60A050004132C2 /* EditingViewController.m in Sources */,
				288131970F60AEDD004132C2 /* Book.m in Sources */,
			);
			runOnlyForDeploymentPostprocessing = 0;
		};
/* End PBXSourcesBuildPhase section */

/* Begin PBXVariantGroup section */
		182A8D0211D2BB3B00E156CC /* EditingView.xib */ = {
			isa = PBXVariantGroup;
			children = (
				182A8D0311D2BB3B00E156CC /* en */,
			);
			name = EditingView.xib;
			sourceTree = "<group>";
		};
		182A8D0411D2BB3B00E156CC /* MainWindow.xib */ = {
			isa = PBXVariantGroup;
			children = (
				182A8D0511D2BB3B00E156CC /* en */,
			);
			name = MainWindow.xib;
			sourceTree = "<group>";
		};
		182A8D0611D2BB3B00E156CC /* RootViewController.xib */ = {
			isa = PBXVariantGroup;
			children = (
				182A8D0711D2BB3B00E156CC /* en */,
			);
			name = RootViewController.xib;
			sourceTree = "<group>";
		};
		5396CFEA11D2BEE40065BF7B /* Localizable.strings */ = {
			isa = PBXVariantGroup;
			children = (
				5396CFEB11D2BEE40065BF7B /* en */,
			);
			name = Localizable.strings;
			sourceTree = "<group>";
		};
/* End PBXVariantGroup section */

/* Begin XCBuildConfiguration section */
		1D6058940D05DD3E006BFB54 /* Debug */ = {
			isa = XCBuildConfiguration;
			buildSettings = {
				ALWAYS_SEARCH_USER_PATHS = NO;
				COPY_PHASE_STRIP = NO;
				GCC_DYNAMIC_NO_PIC = NO;
				GCC_OPTIMIZATION_LEVEL = 0;
				GCC_PRECOMPILE_PREFIX_HEADER = YES;
				GCC_PREFIX_HEADER = SimpleUndo_Prefix.pch;
				INFOPLIST_FILE = "SimpleUndo-Info.plist";
				PRODUCT_NAME = SimpleUndo;
			};
			name = Debug;
		};
		1D6058950D05DD3E006BFB54 /* Release */ = {
			isa = XCBuildConfiguration;
			buildSettings = {
				ALWAYS_SEARCH_USER_PATHS = NO;
				COPY_PHASE_STRIP = YES;
				GCC_PRECOMPILE_PREFIX_HEADER = YES;
				GCC_PREFIX_HEADER = SimpleUndo_Prefix.pch;
				INFOPLIST_FILE = "SimpleUndo-Info.plist";
				PRODUCT_NAME = SimpleUndo;
			};
			name = Release;
		};
		C01FCF4F08A954540054247B /* Debug */ = {
			isa = XCBuildConfiguration;
			buildSettings = {
				ARCHS = "$(ARCHS_STANDARD_32_BIT)";
				"CODE_SIGN_IDENTITY[sdk=iphoneos*]" = "iPhone Developer";
				GCC_C_LANGUAGE_STANDARD = c99;
				GCC_WARN_ABOUT_RETURN_TYPE = YES;
				GCC_WARN_UNUSED_VARIABLE = YES;
				IPHONEOS_DEPLOYMENT_TARGET = 3.2;
				ONLY_ACTIVE_ARCH = YES;
				PREBINDING = NO;
				SDKROOT = iphoneos4.0;
			};
			name = Debug;
		};
		C01FCF5008A954540054247B /* Release */ = {
			isa = XCBuildConfiguration;
			buildSettings = {
				ARCHS = "$(ARCHS_STANDARD_32_BIT)";
				"CODE_SIGN_IDENTITY[sdk=iphoneos*]" = "iPhone Developer";
				GCC_C_LANGUAGE_STANDARD = c99;
				GCC_WARN_ABOUT_RETURN_TYPE = YES;
				GCC_WARN_UNUSED_VARIABLE = YES;
				IPHONEOS_DEPLOYMENT_TARGET = 3.2;
				PREBINDING = NO;
				SDKROOT = iphoneos4.0;
			};
			name = Release;
		};
/* End XCBuildConfiguration section */

/* Begin XCConfigurationList section */
		1D6058960D05DD3E006BFB54 /* Build configuration list for PBXNativeTarget "SimpleUndo" */ = {
			isa = XCConfigurationList;
			buildConfigurations = (
				1D6058940D05DD3E006BFB54 /* Debug */,
				1D6058950D05DD3E006BFB54 /* Release */,
			);
			defaultConfigurationIsVisible = 0;
			defaultConfigurationName = Release;
		};
		C01FCF4E08A954540054247B /* Build configuration list for PBXProject "SimpleUndo" */ = {
			isa = XCConfigurationList;
			buildConfigurations = (
				C01FCF4F08A954540054247B /* Debug */,
				C01FCF5008A954540054247B /* Release */,
			);
			defaultConfigurationIsVisible = 0;
			defaultConfigurationName = Release;
		};
/* End XCConfigurationList section */
	};
	rootObject = 29B97313FDCFA39411CA2CEA /* Project object */;
}
